
Microsoft Visual Studio Solution File, Format Version 12.00
# Visual Studio 15
VisualStudioVersion = 15.0.27130.2010
MinimumVisualStudioVersion = 10.0.40219.1
Project("{FAE04EC0-301F-11D3-BF4B-00C04F79EFBC}") = "SudokuSolver", "SudokuSolver\SudokuSolver.csproj", "{239214F1-E5F1-4648-A3D4-9D008DFEA784}"
EndProject
Global
	GlobalSection(SolutionConfigurationPlatforms) = preSolution
		Debug|Any CPU = Debug|Any CPU
		Release|Any CPU = Release|Any CPU
	EndGlobalSection
	GlobalSection(ProjectConfigurationPlatforms) = postSolution
		{239214F1-E5F1-4648-A3D4-9D008DFEA784}.Debug|Any CPU.ActiveCfg = Debug|Any CPU
		{239214F1-E5F1-4648-A3D4-9D008DFEA784}.Debug|Any CPU.Build.0 = Debug|Any CPU
		{239214F1-E5F1-4648-A3D4-9D008DFEA784}.Release|Any CPU.ActiveCfg = Release|Any CPU
		{239214F1-E5F1-4648-A3D4-9D008DFEA784}.Release|Any CPU.Build.0 = Release|Any CPU
	EndGlobalSection
	GlobalSection(SolutionProperties) = preSolution
		HideSolutionNode = FALSE
	EndGlobalSection
	GlobalSection(ExtensibilityGlobals) = postSolution
		SolutionGuid = {07B25690-8F89-42C8-8FE0-AE86766A6B9C}
	EndGlobalSection
EndGlobal
